
Microsoft Visual Studio Solution File, Format Version 12.00
# Visual Studio Version 17
VisualStudioVersion = 17.13.35931.197
MinimumVisualStudioVersion = 10.0.40219.1
Project("{FAE04EC0-301F-11D3-BF4B-00C04F79EFBC}") = "xyPOS", "xyPOS\xyPOS.csproj", "{46055D10-5853-4831-AE2D-257CE7A90F25}"
EndProject
Project("{FAE04EC0-301F-11D3-BF4B-00C04F79EFBC}") = "xyPOSOrm", "xyPOSOrm\xyPOSOrm.csproj", "{0893402A-CBD2-4EC5-A6D9-FBAE17BBCEC4}"
EndProject
Project("{FAE04EC0-301F-11D3-BF4B-00C04F79EFBC}") = "GoodsDefImport", "GoodsDefImport\GoodsDefImport.csproj", "{BF541603-EEC4-4AD7-A26F-EE9B601B4635}"
EndProject
Global
	GlobalSection(SolutionConfigurationPlatforms) = preSolution
		Debug|Any CPU = Debug|Any CPU
		Release|Any CPU = Release|Any CPU
	EndGlobalSection
	GlobalSection(ProjectConfigurationPlatforms) = postSolution
		{46055D10-5853-4831-AE2D-257CE7A90F25}.Debug|Any CPU.ActiveCfg = Debug|Any CPU
		{46055D10-5853-4831-AE2D-257CE7A90F25}.Debug|Any CPU.Build.0 = Debug|Any CPU
		{46055D10-5853-4831-AE2D-257CE7A90F25}.Release|Any CPU.ActiveCfg = Release|Any CPU
		{46055D10-5853-4831-AE2D-257CE7A90F25}.Release|Any CPU.Build.0 = Release|Any CPU
		{0893402A-CBD2-4EC5-A6D9-FBAE17BBCEC4}.Debug|Any CPU.ActiveCfg = Debug|Any CPU
		{0893402A-CBD2-4EC5-A6D9-FBAE17BBCEC4}.Debug|Any CPU.Build.0 = Debug|Any CPU
		{0893402A-CBD2-4EC5-A6D9-FBAE17BBCEC4}.Release|Any CPU.ActiveCfg = Release|Any CPU
		{0893402A-CBD2-4EC5-A6D9-FBAE17BBCEC4}.Release|Any CPU.Build.0 = Release|Any CPU
		{BF541603-EEC4-4AD7-A26F-EE9B601B4635}.Debug|Any CPU.ActiveCfg = Debug|Any CPU
		{BF541603-EEC4-4AD7-A26F-EE9B601B4635}.Debug|Any CPU.Build.0 = Debug|Any CPU
		{BF541603-EEC4-4AD7-A26F-EE9B601B4635}.Release|Any CPU.ActiveCfg = Release|Any CPU
		{BF541603-EEC4-4AD7-A26F-EE9B601B4635}.Release|Any CPU.Build.0 = Release|Any CPU
	EndGlobalSection
	GlobalSection(SolutionProperties) = preSolution
		HideSolutionNode = FALSE
	EndGlobalSection
	GlobalSection(ExtensibilityGlobals) = postSolution
		SolutionGuid = {73437CC2-2F01-4200-84E4-AA66309DEA56}
	EndGlobalSection
EndGlobal
